// !$*UTF8*$!
{
	archiveVersion = 1;
	classes = {
	};
	objectVersion = 50;
	objects = {

/* Begin PBXBuildFile section */
		927AE2752580F55600A634B9 /* AppDelegate.swift in Sources */ = {isa = PBXBuildFile; fileRef = 927AE2742580F55600A634B9 /* AppDelegate.swift */; };
		927AE2772580F55600A634B9 /* SceneDelegate.swift in Sources */ = {isa = PBXBuildFile; fileRef = 927AE2762580F55600A634B9 /* SceneDelegate.swift */; };
		927AE2792580F55600A634B9 /* ViewController.swift in Sources */ = {isa = PBXBuildFile; fileRef = 927AE2782580F55600A634B9 /* ViewController.swift */; };
		927AE27C2580F55600A634B9 /* Main.storyboard in Resources */ = {isa = PBXBuildFile; fileRef = 927AE27A2580F55600A634B9 /* Main.storyboard */; };
		927AE27E2580F55A00A634B9 /* Assets.xcassets in Resources */ = {isa = PBXBuildFile; fileRef = 927AE27D2580F55A00A634B9 /* Assets.xcassets */; };
		927AE2812580F55A00A634B9 /* LaunchScreen.storyboard in Resources */ = {isa = PBXBuildFile; fileRef = 927AE27F2580F55A00A634B9 /* LaunchScreen.storyboard */; };
		927AE28A2581042E00A634B9 /* Constants.swift in Sources */ = {isa = PBXBuildFile; fileRef = 927AE2892581042E00A634B9 /* Constants.swift */; };
		927AE28D25810C2200A634B9 /* Video.swift in Sources */ = {isa = PBXBuildFile; fileRef = 927AE28C25810C2200A634B9 /* Video.swift */; };
		927AE29025810CB400A634B9 /* Model.swift in Sources */ = {isa = PBXBuildFile; fileRef = 927AE28F25810CB400A634B9 /* Model.swift */; };
		927AE2932581EE6D00A634B9 /* Response.swift in Sources */ = {isa = PBXBuildFile; fileRef = 927AE2922581EE6D00A634B9 /* Response.swift */; };
/* End PBXBuildFile section */

/* Begin PBXFileReference section */
		927AE2712580F55600A634B9 /* youtube-oneday.app */ = {isa = PBXFileReference; explicitFileType = wrapper.application; includeInIndex = 0; path = "youtube-oneday.app"; sourceTree = BUILT_PRODUCTS_DIR; };
		927AE2742580F55600A634B9 /* AppDelegate.swift */ = {isa = PBXFileReference; lastKnownFileType = sourcecode.swift; path = AppDelegate.swift; sourceTree = "<group>"; };
		927AE2762580F55600A634B9 /* SceneDelegate.swift */ = {isa = PBXFileReference; lastKnownFileType = sourcecode.swift; path = SceneDelegate.swift; sourceTree = "<group>"; };
		927AE2782580F55600A634B9 /* ViewController.swift */ = {isa = PBXFileReference; lastKnownFileType = sourcecode.swift; path = ViewController.swift; sourceTree = "<group>"; };
		927AE27B2580F55600A634B9 /* Base */ = {isa = PBXFileReference; lastKnownFileType = file.storyboard; name = Base; path = Base.lproj/Main.storyboard; sourceTree = "<group>"; };
		927AE27D2580F55A00A634B9 /* Assets.xcassets */ = {isa = PBXFileReference; lastKnownFileType = folder.assetcatalog; path = Assets.xcassets; sourceTree = "<group>"; };
		927AE2802580F55A00A634B9 /* Base */ = {isa = PBXFileReference; lastKnownFileType = file.storyboard; name = Base; path = Base.lproj/LaunchScreen.storyboard; sourceTree = "<group>"; };
		927AE2822580F55A00A634B9 /* Info.plist */ = {isa = PBXFileReference; lastKnownFileType = text.plist.xml; path = Info.plist; sourceTree = "<group>"; };
		927AE2892581042E00A634B9 /* Constants.swift */ = {isa = PBXFileReference; lastKnownFileType = sourcecode.swift; path = Constants.swift; sourceTree = "<group>"; };
		927AE28C25810C2200A634B9 /* Video.swift */ = {isa = PBXFileReference; lastKnownFileType = sourcecode.swift; path = Video.swift; sourceTree = "<group>"; };
		927AE28F25810CB400A634B9 /* Model.swift */ = {isa = PBXFileReference; lastKnownFileType = sourcecode.swift; path = Model.swift; sourceTree = "<group>"; };
		927AE2922581EE6D00A634B9 /* Response.swift */ = {isa = PBXFileReference; lastKnownFileType = sourcecode.swift; path = Response.swift; sourceTree = "<group>"; };
/* End PBXFileReference section */

/* Begin PBXFrameworksBuildPhase section */
		927AE26E2580F55600A634B9 /* Frameworks */ = {
			isa = PBXFrameworksBuildPhase;
			buildActionMask = 2147483647;
			files = (
			);
			runOnlyForDeploymentPostprocessing = 0;
		};
/* End PBXFrameworksBuildPhase section */

/* Begin PBXGroup section */
		927AE2682580F55500A634B9 = {
			isa = PBXGroup;
			children = (
				927AE2732580F55600A634B9 /* youtube-oneday */,
				927AE2722580F55600A634B9 /* Products */,
			);
			sourceTree = "<group>";
		};
		927AE2722580F55600A634B9 /* Products */ = {
			isa = PBXGroup;
			children = (
				927AE2712580F55600A634B9 /* youtube-oneday.app */,
			);
			name = Products;
			sourceTree = "<group>";
		};
		927AE2732580F55600A634B9 /* youtube-oneday */ = {
			isa = PBXGroup;
			children = (
				927AE2742580F55600A634B9 /* AppDelegate.swift */,
				927AE2762580F55600A634B9 /* SceneDelegate.swift */,
				927AE2782580F55600A634B9 /* ViewController.swift */,
				927AE27A2580F55600A634B9 /* Main.storyboard */,
				927AE27D2580F55A00A634B9 /* Assets.xcassets */,
				927AE27F2580F55A00A634B9 /* LaunchScreen.storyboard */,
				927AE2822580F55A00A634B9 /* Info.plist */,
				927AE2892581042E00A634B9 /* Constants.swift */,
				927AE28C25810C2200A634B9 /* Video.swift */,
				927AE28F25810CB400A634B9 /* Model.swift */,
				927AE2922581EE6D00A634B9 /* Response.swift */,
			);
			path = "youtube-oneday";
			sourceTree = "<group>";
		};
/* End PBXGroup section */

/* Begin PBXNativeTarget section */
		927AE2702580F55600A634B9 /* youtube-oneday */ = {
			isa = PBXNativeTarget;
			buildConfigurationList = 927AE2852580F55A00A634B9 /* Build configuration list for PBXNativeTarget "youtube-oneday" */;
			buildPhases = (
				927AE26D2580F55600A634B9 /* Sources */,
				927AE26E2580F55600A634B9 /* Frameworks */,
				927AE26F2580F55600A634B9 /* Resources */,
			);
			buildRules = (
			);
			dependencies = (
			);
			name = "youtube-oneday";
			productName = "youtube-oneday";
			productReference = 927AE2712580F55600A634B9 /* youtube-oneday.app */;
			productType = "com.apple.product-type.application";
		};
/* End PBXNativeTarget section */

/* Begin PBXProject section */
		927AE2692580F55500A634B9 /* Project object */ = {
			isa = PBXProject;
			attributes = {
				LastSwiftUpdateCheck = 1220;
				LastUpgradeCheck = 1220;
				TargetAttributes = {
					927AE2702580F55600A634B9 = {
						CreatedOnToolsVersion = 12.2;
					};
				};
			};
			buildConfigurationList = 927AE26C2580F55500A634B9 /* Build configuration list for PBXProject "youtube-oneday" */;
			compatibilityVersion = "Xcode 9.3";
			developmentRegion = en;
			hasScannedForEncodings = 0;
			knownRegions = (
				en,
				Base,
			);
			mainGroup = 927AE2682580F55500A634B9;
			productRefGroup = 927AE2722580F55600A634B9 /* Products */;
			projectDirPath = "";
			projectRoot = "";
			targets = (
				927AE2702580F55600A634B9 /* youtube-oneday */,
			);
		};
/* End PBXProject section */

/* Begin PBXResourcesBuildPhase section */
		927AE26F2580F55600A634B9 /* Resources */ = {
			isa = PBXResourcesBuildPhase;
			buildActionMask = 2147483647;
			files = (
				927AE2812580F55A00A634B9 /* LaunchScreen.storyboard in Resources */,
				927AE27E2580F55A00A634B9 /* Assets.xcassets in Resources */,
				927AE27C2580F55600A634B9 /* Main.storyboard in Resources */,
			);
			runOnlyForDeploymentPostprocessing = 0;
		};
/* End PBXResourcesBuildPhase section */

/* Begin PBXSourcesBuildPhase section */
		927AE26D2580F55600A634B9 /* Sources */ = {
			isa = PBXSourcesBuildPhase;
			buildActionMask = 2147483647;
			files = (
				927AE2792580F55600A634B9 /* ViewController.swift in Sources */,
				927AE2752580F55600A634B9 /* AppDelegate.swift in Sources */,
				927AE2772580F55600A634B9 /* SceneDelegate.swift in Sources */,
				927AE29025810CB400A634B9 /* Model.swift in Sources */,
				927AE28A2581042E00A634B9 /* Constants.swift in Sources */,
				927AE28D25810C2200A634B9 /* Video.swift in Sources */,
				927AE2932581EE6D00A634B9 /* Response.swift in Sources */,
			);
			runOnlyForDeploymentPostprocessing = 0;
		};
/* End PBXSourcesBuildPhase section */

/* Begin PBXVariantGroup section */
		927AE27A2580F55600A634B9 /* Main.storyboard */ = {
			isa = PBXVariantGroup;
			children = (
				927AE27B2580F55600A634B9 /* Base */,
			);
			name = Main.storyboard;
			sourceTree = "<group>";
		};
		927AE27F2580F55A00A634B9 /* LaunchScreen.storyboard */ = {
			isa = PBXVariantGroup;
			children = (
				927AE2802580F55A00A634B9 /* Base */,
			);
			name = LaunchScreen.storyboard;
			sourceTree = "<group>";
		};
/* End PBXVariantGroup section */

/* Begin XCBuildConfiguration section */
		927AE2832580F55A00A634B9 /* Debug */ = {
			isa = XCBuildConfiguration;
			buildSettings = {
				ALWAYS_SEARCH_USER_PATHS = NO;
				CLANG_ANALYZER_NONNULL = YES;
				CLANG_ANALYZER_NUMBER_OBJECT_CONVERSION = YES_AGGRESSIVE;
				CLANG_CXX_LANGUAGE_STANDARD = "gnu++14";
				CLANG_CXX_LIBRARY = "libc++";
				CLANG_ENABLE_MODULES = YES;
				CLANG_ENABLE_OBJC_ARC = YES;
				CLANG_ENABLE_OBJC_WEAK = YES;
				CLANG_WARN_BLOCK_CAPTURE_AUTORELEASING = YES;
				CLANG_WARN_BOOL_CONVERSION = YES;
				CLANG_WARN_COMMA = YES;
				CLANG_WARN_CONSTANT_CONVERSION = YES;
				CLANG_WARN_DEPRECATED_OBJC_IMPLEMENTATIONS = YES;
				CLANG_WARN_DIRECT_OBJC_ISA_USAGE = YES_ERROR;
				CLANG_WARN_DOCUMENTATION_COMMENTS = YES;
				CLANG_WARN_EMPTY_BODY = YES;
				CLANG_WARN_ENUM_CONVERSION = YES;
				CLANG_WARN_INFINITE_RECURSION = YES;
				CLANG_WARN_INT_CONVERSION = YES;
				CLANG_WARN_NON_LITERAL_NULL_CONVERSION = YES;
				CLANG_WARN_OBJC_IMPLICIT_RETAIN_SELF = YES;
				CLANG_WARN_OBJC_LITERAL_CONVERSION = YES;
				CLANG_WARN_OBJC_ROOT_CLASS = YES_ERROR;
				CLANG_WARN_QUOTED_INCLUDE_IN_FRAMEWORK_HEADER = YES;
				CLANG_WARN_RANGE_LOOP_ANALYSIS = YES;
				CLANG_WARN_STRICT_PROTOTYPES = YES;
				CLANG_WARN_SUSPICIOUS_MOVE = YES;
				CLANG_WARN_UNGUARDED_AVAILABILITY = YES_AGGRESSIVE;
				CLANG_WARN_UNREACHABLE_CODE = YES;
				CLANG_WARN__DUPLICATE_METHOD_MATCH = YES;
				COPY_PHASE_STRIP = NO;
				DEBUG_INFORMATION_FORMAT = dwarf;
				ENABLE_STRICT_OBJC_MSGSEND = YES;
				ENABLE_TESTABILITY = YES;
				GCC_C_LANGUAGE_STANDARD = gnu11;
				GCC_DYNAMIC_NO_PIC = NO;
				GCC_NO_COMMON_BLOCKS = YES;
				GCC_OPTIMIZATION_LEVEL = 0;
				GCC_PREPROCESSOR_DEFINITIONS = (
					"DEBUG=1",
					"$(inherited)",
				);
				GCC_WARN_64_TO_32_BIT_CONVERSION = YES;
				GCC_WARN_ABOUT_RETURN_TYPE = YES_ERROR;
				GCC_WARN_UNDECLARED_SELECTOR = YES;
				GCC_WARN_UNINITIALIZED_AUTOS = YES_AGGRESSIVE;
				GCC_WARN_UNUSED_FUNCTION = YES;
				GCC_WARN_UNUSED_VARIABLE = YES;
				IPHONEOS_DEPLOYMENT_TARGET = 14.2;
				MTL_ENABLE_DEBUG_INFO = INCLUDE_SOURCE;
				MTL_FAST_MATH = YES;
				ONLY_ACTIVE_ARCH = YES;
				SDKROOT = iphoneos;
				SWIFT_ACTIVE_COMPILATION_CONDITIONS = DEBUG;
				SWIFT_OPTIMIZATION_LEVEL = "-Onone";
			};
			name = Debug;
		};
		927AE2842580F55A00A634B9 /* Release */ = {
			isa = XCBuildConfiguration;
			buildSettings = {
				ALWAYS_SEARCH_USER_PATHS = NO;
				CLANG_ANALYZER_NONNULL = YES;
				CLANG_ANALYZER_NUMBER_OBJECT_CONVERSION = YES_AGGRESSIVE;
				CLANG_CXX_LANGUAGE_STANDARD = "gnu++14";
				CLANG_CXX_LIBRARY = "libc++";
				CLANG_ENABLE_MODULES = YES;
				CLANG_ENABLE_OBJC_ARC = YES;
				CLANG_ENABLE_OBJC_WEAK = YES;
				CLANG_WARN_BLOCK_CAPTURE_AUTORELEASING = YES;
				CLANG_WARN_BOOL_CONVERSION = YES;
				CLANG_WARN_COMMA = YES;
				CLANG_WARN_CONSTANT_CONVERSION = YES;
				CLANG_WARN_DEPRECATED_OBJC_IMPLEMENTATIONS = YES;
				CLANG_WARN_DIRECT_OBJC_ISA_USAGE = YES_ERROR;
				CLANG_WARN_DOCUMENTATION_COMMENTS = YES;
				CLANG_WARN_EMPTY_BODY = YES;
				CLANG_WARN_ENUM_CONVERSION = YES;
				CLANG_WARN_INFINITE_RECURSION = YES;
				CLANG_WARN_INT_CONVERSION = YES;
				CLANG_WARN_NON_LITERAL_NULL_CONVERSION = YES;
				CLANG_WARN_OBJC_IMPLICIT_RETAIN_SELF = YES;
				CLANG_WARN_OBJC_LITERAL_CONVERSION = YES;
				CLANG_WARN_OBJC_ROOT_CLASS = YES_ERROR;
				CLANG_WARN_QUOTED_INCLUDE_IN_FRAMEWORK_HEADER = YES;
				CLANG_WARN_RANGE_LOOP_ANALYSIS = YES;
				CLANG_WARN_STRICT_PROTOTYPES = YES;
				CLANG_WARN_SUSPICIOUS_MOVE = YES;
				CLANG_WARN_UNGUARDED_AVAILABILITY = YES_AGGRESSIVE;
				CLANG_WARN_UNREACHABLE_CODE = YES;
				CLANG_WARN__DUPLICATE_METHOD_MATCH = YES;
				COPY_PHASE_STRIP = NO;
				DEBUG_INFORMATION_FORMAT = "dwarf-with-dsym";
				ENABLE_NS_ASSERTIONS = NO;
				ENABLE_STRICT_OBJC_MSGSEND = YES;
				GCC_C_LANGUAGE_STANDARD = gnu11;
				GCC_NO_COMMON_BLOCKS = YES;
				GCC_WARN_64_TO_32_BIT_CONVERSION = YES;
				GCC_WARN_ABOUT_RETURN_TYPE = YES_ERROR;
				GCC_WARN_UNDECLARED_SELECTOR = YES;
				GCC_WARN_UNINITIALIZED_AUTOS = YES_AGGRESSIVE;
				GCC_WARN_UNUSED_FUNCTION = YES;
				GCC_WARN_UNUSED_VARIABLE = YES;
				IPHONEOS_DEPLOYMENT_TARGET = 14.2;
				MTL_ENABLE_DEBUG_INFO = NO;
				MTL_FAST_MATH = YES;
				SDKROOT = iphoneos;
				SWIFT_COMPILATION_MODE = wholemodule;
				SWIFT_OPTIMIZATION_LEVEL = "-O";
				VALIDATE_PRODUCT = YES;
			};
			name = Release;
		};
		927AE2862580F55A00A634B9 /* Debug */ = {
			isa = XCBuildConfiguration;
			buildSettings = {
				ASSETCATALOG_COMPILER_APPICON_NAME = AppIcon;
				ASSETCATALOG_COMPILER_GLOBAL_ACCENT_COLOR_NAME = AccentColor;
				CODE_SIGN_STYLE = Automatic;
				INFOPLIST_FILE = "youtube-oneday/Info.plist";
				LD_RUNPATH_SEARCH_PATHS = (
					"$(inherited)",
					"@executable_path/Frameworks",
				);
				PRODUCT_BUNDLE_IDENTIFIER = "Keisuke.youtube-oneday";
				PRODUCT_NAME = "$(TARGET_NAME)";
				SWIFT_VERSION = 5.0;
				TARGETED_DEVICE_FAMILY = "1,2";
			};
			name = Debug;
		};
		927AE2872580F55A00A634B9 /* Release */ = {
			isa = XCBuildConfiguration;
			buildSettings = {
				ASSETCATALOG_COMPILER_APPICON_NAME = AppIcon;
				ASSETCATALOG_COMPILER_GLOBAL_ACCENT_COLOR_NAME = AccentColor;
				CODE_SIGN_STYLE = Automatic;
				INFOPLIST_FILE = "youtube-oneday/Info.plist";
				LD_RUNPATH_SEARCH_PATHS = (
					"$(inherited)",
					"@executable_path/Frameworks",
				);
				PRODUCT_BUNDLE_IDENTIFIER = "Keisuke.youtube-oneday";
				PRODUCT_NAME = "$(TARGET_NAME)";
				SWIFT_VERSION = 5.0;
				TARGETED_DEVICE_FAMILY = "1,2";
			};
			name = Release;
		};
/* End XCBuildConfiguration section */

/* Begin XCConfigurationList section */
		927AE26C2580F55500A634B9 /* Build configuration list for PBXProject "youtube-oneday" */ = {
			isa = XCConfigurationList;
			buildConfigurations = (
				927AE2832580F55A00A634B9 /* Debug */,
				927AE2842580F55A00A634B9 /* Release */,
			);
			defaultConfigurationIsVisible = 0;
			defaultConfigurationName = Release;
		};
		927AE2852580F55A00A634B9 /* Build configuration list for PBXNativeTarget "youtube-oneday" */ = {
			isa = XCConfigurationList;
			buildConfigurations = (
				927AE2862580F55A00A634B9 /* Debug */,
				927AE2872580F55A00A634B9 /* Release */,
			);
			defaultConfigurationIsVisible = 0;
			defaultConfigurationName = Release;
		};
/* End XCConfigurationList section */
	};
	rootObject = 927AE2692580F55500A634B9 /* Project object */;
}
